
Microsoft Visual Studio Solution File, Format Version 12.00
# Visual Studio Version 16
VisualStudioVersion = 16.0.809.10
MinimumVisualStudioVersion = 10.0.40219.1
Project("{FAE04EC0-301F-11D3-BF4B-00C04F79EFBC}") = "NameSorterIO", "NameSorterIO.csproj", "{7478A4B2-D1C8-40D7-AED8-221DB939C912}"
EndProject
Global
	GlobalSection(SolutionConfigurationPlatforms) = preSolution
		Debug|anycpu = Debug|anycpu
		Release|anycpu = Release|anycpu
	EndGlobalSection
	GlobalSection(ProjectConfigurationPlatforms) = postSolution
		{7478A4B2-D1C8-40D7-AED8-221DB939C912}.Debug|anycpu.ActiveCfg = Debug|anycpu
		{7478A4B2-D1C8-40D7-AED8-221DB939C912}.Debug|anycpu.Build.0 = Debug|anycpu
		{7478A4B2-D1C8-40D7-AED8-221DB939C912}.Release|anycpu.ActiveCfg = Release|anycpu
		{7478A4B2-D1C8-40D7-AED8-221DB939C912}.Release|anycpu.Build.0 = Release|anycpu
	EndGlobalSection
	GlobalSection(SolutionProperties) = preSolution
		HideSolutionNode = FALSE
	EndGlobalSection
	GlobalSection(ExtensibilityGlobals) = postSolution
		SolutionGuid = {A8EBE04D-93B4-4578-AB89-B3705E1C5BE4}
	EndGlobalSection
EndGlobal
